
Microsoft Visual Studio Solution File, Format Version 12.00
# Visual Studio Version 17
VisualStudioVersion = 17.4.33110.190
MinimumVisualStudioVersion = 10.0.40219.1
Project("{FAE04EC0-301F-11D3-BF4B-00C04F79EFBC}") = "SalesWebMvc", "SalesWebMvc\SalesWebMvc.csproj", "{EA8E78DA-5698-4BBF-9A89-32E9452E979A}"
EndProject
Global
	GlobalSection(SolutionConfigurationPlatforms) = preSolution
		Debug|Any CPU = Debug|Any CPU
		Release|Any CPU = Release|Any CPU
	EndGlobalSection
	GlobalSection(ProjectConfigurationPlatforms) = postSolution
		{EA8E78DA-5698-4BBF-9A89-32E9452E979A}.Debug|Any CPU.ActiveCfg = Debug|Any CPU
		{EA8E78DA-5698-4BBF-9A89-32E9452E979A}.Debug|Any CPU.Build.0 = Debug|Any CPU
		{EA8E78DA-5698-4BBF-9A89-32E9452E979A}.Release|Any CPU.ActiveCfg = Release|Any CPU
		{EA8E78DA-5698-4BBF-9A89-32E9452E979A}.Release|Any CPU.Build.0 = Release|Any CPU
	EndGlobalSection
	GlobalSection(SolutionProperties) = preSolution
		HideSolutionNode = FALSE
	EndGlobalSection
	GlobalSection(ExtensibilityGlobals) = postSolution
		SolutionGuid = {CDFC755B-17A8-4535-B23C-D5024E240773}
	EndGlobalSection
EndGlobal
